github.com/ros4pro/template-hugo v0.0.0-20210425171922-38a4af029052 h1:Z75vObxea14gEZOrdaaJ7VQKMWYbX87pQlEZaHhQXVo=
github.com/ros4pro/template-hugo v0.0.0-20210425171922-38a4af029052/go.mod h1:1b7/tuT07WhHwCama5eZRhUSXm4wecjMO9gOQqS6kH8=
github.com/ros4pro/template-hugo v0.0.0-20210428163521-5b3a3d5bcb36 h1:7jG/0YX6GCBK18WRlHFR85VxUzowAZVRpl8i9qTSEeU=
github.com/ros4pro/template-hugo v0.0.0-20210428163521-5b3a3d5bcb36/go.mod h1:1b7/tuT07WhHwCama5eZRhUSXm4wecjMO9gOQqS6kH8=
github.com/ros4pro/template-hugo v0.0.0-20210428164123-cef598ec4c1c h1:Br6/7Y3T16s9+xOA4kBrfcwTlZnl13ptLhTCdPxbRPQ=
github.com/ros4pro/template-hugo v0.0.0-20210428164123-cef598ec4c1c/go.mod h1:1b7/tuT07WhHwCama5eZRhUSXm4wecjMO9gOQqS6kH8=
github.com/ros4pro/template-hugo v0.0.0-20210428173200-a9232bf29310 h1:mpleGdE98K/v898kfWTbh4piH/hc5o5DCrryoU+EKFM=
github.com/ros4pro/template-hugo v0.0.0-20210428173200-a9232bf29310/go.mod h1:1b7/tuT07WhHwCama5eZRhUSXm4wecjMO9gOQqS6kH8=
github.com/ros4pro/template-hugo v0.0.0-20210502192401-f45cac808e53 h1:FdA9NqP7I3PTLRyrNrkWaESeQp1+GtB6HTEzcA4wE40=
github.com/ros4pro/template-hugo v0.0.0-20210502192401-f45cac808e53/go.mod h1:1b7/tuT07WhHwCama5eZRhUSXm4wecjMO9gOQqS6kH8=
github.com/ros4pro/template-hugo v0.0.0-20210523190144-1a8b7dd0875a h1:k031cSm2u+nMwjyFAmtLlmOCWLa1IM4KcUd512IZA2I=
github.com/ros4pro/template-hugo v0.0.0-20210523190144-1a8b7dd0875a/go.mod h1:1b7/tuT07WhHwCama5eZRhUSXm4wecjMO9gOQqS6kH8=
github.com/ros4pro/template-hugo v0.0.0-20210523192111-24cdb4b95d1c h1:8e4v1gB2rkJbO+EMHCaSwrrPaQYSTMqBOUXPfR2hrdA=
github.com/ros4pro/template-hugo v0.0.0-20210523192111-24cdb4b95d1c/go.mod h1:1b7/tuT07WhHwCama5eZRhUSXm4wecjMO9gOQqS6kH8=
github.com/ros4pro/template-hugo v0.0.0-20210523192740-dc7097ca1b6c h1:qgFwLWYdwb7VIf1i5DUNwpqCCdWsbIn6gpN6opPcMPs=
github.com/ros4pro/template-hugo v0.0.0-20210523192740-dc7097ca1b6c/go.mod h1:1b7/tuT07WhHwCama5eZRhUSXm4wecjMO9gOQqS6kH8=
github.com/ros4pro/template-hugo v0.0.0-20210523193849-a27eb60b2cbe h1:37LjkV/HHtEcDttSTQH6WOfI/TVCHJ4MBIvUGxd7X28=
github.com/ros4pro/template-hugo v0.0.0-20210523193849-a27eb60b2cbe/go.mod h1:1b7/tuT07WhHwCama5eZRhUSXm4wecjMO9gOQqS6kH8=
github.com/ros4pro/template-hugo v0.0.0-20210523195204-cab74b6bb00e h1:HA2lLCw4JPcJyQN4zqWLnPis1jMTaqSX/BwzwWqLfg4=
github.com/ros4pro/template-hugo v0.0.0-20210523195204-cab74b6bb00e/go.mod h1:1b7/tuT07WhHwCama5eZRhUSXm4wecjMO9gOQqS6kH8=
github.com/ros4pro/template-hugo v0.0.0-20210523201623-c7f7bdfabc15 h1:ap9aOvy5g9bZesNCLm9Jdeh4H4sp1Q2ursuU2y4lTas=
github.com/ros4pro/template-hugo v0.0.0-20210523201623-c7f7bdfabc15/go.mod h1:1b7/tuT07WhHwCama5eZRhUSXm4wecjMO9gOQqS6kH8=
github.com/ros4pro/template-hugo v0.0.0-20210523202437-bd2537eb3d87 h1:Xl+d6TGV21opYfQjRjXFqIMCQVRjHQcd+Cx/W1JgSrQ=
github.com/ros4pro/template-hugo v0.0.0-20210523202437-bd2537eb3d87/go.mod h1:1b7/tuT07WhHwCama5eZRhUSXm4wecjMO9gOQqS6kH8=
github.com/ros4pro/template-hugo v0.0.0-20210523202954-388d068a5e79 h1:O1y+fZYUHZ3/Gv/dBJgaUoVwnVqqCGICuCnKFCkB5BI=
github.com/ros4pro/template-hugo v0.0.0-20210523202954-388d068a5e79/go.mod h1:1b7/tuT07WhHwCama5eZRhUSXm4wecjMO9gOQqS6kH8=
